
Microsoft Visual Studio Solution File, Format Version 12.00
# Visual Studio Version 17
VisualStudioVersion = 17.7.34018.315
MinimumVisualStudioVersion = 10.0.40219.1
Project("{FAE04EC0-301F-11D3-BF4B-00C04F79EFBC}") = "Core", "Core\Core.csproj", "{C769C8B5-316E-4FD1-9F3A-EE61A546E5A1}"
EndProject
Project("{FAE04EC0-301F-11D3-BF4B-00C04F79EFBC}") = "Entities", "Entities\Entities.csproj", "{AEE24369-D5DD-4C6F-97E8-999F31A2D8EC}"
EndProject
Project("{FAE04EC0-301F-11D3-BF4B-00C04F79EFBC}") = "DataAccess", "DataAccess\DataAccess.csproj", "{41E0C4DA-685E-4258-B0A6-647948FCFCAB}"
EndProject
Project("{FAE04EC0-301F-11D3-BF4B-00C04F79EFBC}") = "Business", "Business\Business.csproj", "{D1A9A2A2-85FF-4104-A4DB-6A3D7C1BEAC0}"
EndProject
Project("{FAE04EC0-301F-11D3-BF4B-00C04F79EFBC}") = "WebAPI", "WebAPI\WebAPI.csproj", "{2FBC4F79-8827-4C3C-980C-10056B6BA7C5}"
EndProject
Global
	GlobalSection(SolutionConfigurationPlatforms) = preSolution
		Debug|Any CPU = Debug|Any CPU
		Release|Any CPU = Release|Any CPU
	EndGlobalSection
	GlobalSection(ProjectConfigurationPlatforms) = postSolution
		{C769C8B5-316E-4FD1-9F3A-EE61A546E5A1}.Debug|Any CPU.ActiveCfg = Debug|Any CPU
		{C769C8B5-316E-4FD1-9F3A-EE61A546E5A1}.Debug|Any CPU.Build.0 = Debug|Any CPU
		{C769C8B5-316E-4FD1-9F3A-EE61A546E5A1}.Release|Any CPU.ActiveCfg = Release|Any CPU
		{C769C8B5-316E-4FD1-9F3A-EE61A546E5A1}.Release|Any CPU.Build.0 = Release|Any CPU
		{AEE24369-D5DD-4C6F-97E8-999F31A2D8EC}.Debug|Any CPU.ActiveCfg = Debug|Any CPU
		{AEE24369-D5DD-4C6F-97E8-999F31A2D8EC}.Debug|Any CPU.Build.0 = Debug|Any CPU
		{AEE24369-D5DD-4C6F-97E8-999F31A2D8EC}.Release|Any CPU.ActiveCfg = Release|Any CPU
		{AEE24369-D5DD-4C6F-97E8-999F31A2D8EC}.Release|Any CPU.Build.0 = Release|Any CPU
		{41E0C4DA-685E-4258-B0A6-647948FCFCAB}.Debug|Any CPU.ActiveCfg = Debug|Any CPU
		{41E0C4DA-685E-4258-B0A6-647948FCFCAB}.Debug|Any CPU.Build.0 = Debug|Any CPU
		{41E0C4DA-685E-4258-B0A6-647948FCFCAB}.Release|Any CPU.ActiveCfg = Release|Any CPU
		{41E0C4DA-685E-4258-B0A6-647948FCFCAB}.Release|Any CPU.Build.0 = Release|Any CPU
		{D1A9A2A2-85FF-4104-A4DB-6A3D7C1BEAC0}.Debug|Any CPU.ActiveCfg = Debug|Any CPU
		{D1A9A2A2-85FF-4104-A4DB-6A3D7C1BEAC0}.Debug|Any CPU.Build.0 = Debug|Any CPU
		{D1A9A2A2-85FF-4104-A4DB-6A3D7C1BEAC0}.Release|Any CPU.ActiveCfg = Release|Any CPU
		{D1A9A2A2-85FF-4104-A4DB-6A3D7C1BEAC0}.Release|Any CPU.Build.0 = Release|Any CPU
		{2FBC4F79-8827-4C3C-980C-10056B6BA7C5}.Debug|Any CPU.ActiveCfg = Debug|Any CPU
		{2FBC4F79-8827-4C3C-980C-10056B6BA7C5}.Debug|Any CPU.Build.0 = Debug|Any CPU
		{2FBC4F79-8827-4C3C-980C-10056B6BA7C5}.Release|Any CPU.ActiveCfg = Release|Any CPU
		{2FBC4F79-8827-4C3C-980C-10056B6BA7C5}.Release|Any CPU.Build.0 = Release|Any CPU
	EndGlobalSection
	GlobalSection(SolutionProperties) = preSolution
		HideSolutionNode = FALSE
	EndGlobalSection
	GlobalSection(ExtensibilityGlobals) = postSolution
		SolutionGuid = {A552560F-0704-4DAF-887B-5B946548BD10}
	EndGlobalSection
EndGlobal
